
Microsoft Visual Studio Solution File, Format Version 12.00
# Visual Studio Version 16
VisualStudioVersion = 16.0.30907.101
MinimumVisualStudioVersion = 10.0.40219.1
Project("{FAE04EC0-301F-11D3-BF4B-00C04F79EFBC}") = "PlanetsAndSpaceships", "PlanetsAndSpaceships\PlanetsAndSpaceships.csproj", "{447E3984-4C99-47CF-AF3E-BB37920EA707}"
EndProject
Global
	GlobalSection(SolutionConfigurationPlatforms) = preSolution
		Debug|Any CPU = Debug|Any CPU
		Release|Any CPU = Release|Any CPU
	EndGlobalSection
	GlobalSection(ProjectConfigurationPlatforms) = postSolution
		{447E3984-4C99-47CF-AF3E-BB37920EA707}.Debug|Any CPU.ActiveCfg = Debug|Any CPU
		{447E3984-4C99-47CF-AF3E-BB37920EA707}.Debug|Any CPU.Build.0 = Debug|Any CPU
		{447E3984-4C99-47CF-AF3E-BB37920EA707}.Release|Any CPU.ActiveCfg = Release|Any CPU
		{447E3984-4C99-47CF-AF3E-BB37920EA707}.Release|Any CPU.Build.0 = Release|Any CPU
	EndGlobalSection
	GlobalSection(SolutionProperties) = preSolution
		HideSolutionNode = FALSE
	EndGlobalSection
	GlobalSection(ExtensibilityGlobals) = postSolution
		SolutionGuid = {DFB50940-6CAF-4B75-AB3F-A0FA9BADD455}
	EndGlobalSection
EndGlobal
